// !$*UTF8*$!
{
	archiveVersion = 1;
	classes = {
	};
	objectVersion = 56;
	objects = {

/* Begin PBXBuildFile section */
		D5692734295AF4DD00123D80 /* AppDelegate.swift in Sources */ = {isa = PBXBuildFile; fileRef = D5692733295AF4DD00123D80 /* AppDelegate.swift */; };
		D5692736295AF4DD00123D80 /* SceneDelegate.swift in Sources */ = {isa = PBXBuildFile; fileRef = D5692735295AF4DD00123D80 /* SceneDelegate.swift */; };
		D5692738295AF4DD00123D80 /* MainPageTableViewController.swift in Sources */ = {isa = PBXBuildFile; fileRef = D5692737295AF4DD00123D80 /* MainPageTableViewController.swift */; };
		D569273B295AF4DD00123D80 /* Main.storyboard in Resources */ = {isa = PBXBuildFile; fileRef = D5692739295AF4DD00123D80 /* Main.storyboard */; };
		D569273E295AF4DD00123D80 /* NoteApp.xcdatamodeld in Sources */ = {isa = PBXBuildFile; fileRef = D569273C295AF4DD00123D80 /* NoteApp.xcdatamodeld */; };
		D5692740295AF4DF00123D80 /* Assets.xcassets in Resources */ = {isa = PBXBuildFile; fileRef = D569273F295AF4DF00123D80 /* Assets.xcassets */; };
		D5692743295AF4DF00123D80 /* LaunchScreen.storyboard in Resources */ = {isa = PBXBuildFile; fileRef = D5692741295AF4DF00123D80 /* LaunchScreen.storyboard */; };
		D5692750295B3EAD00123D80 /* Note.swift in Sources */ = {isa = PBXBuildFile; fileRef = D569274F295B3EAD00123D80 /* Note.swift */; };
		D5692752295B400A00123D80 /* Date+Extension.swift in Sources */ = {isa = PBXBuildFile; fileRef = D5692751295B400A00123D80 /* Date+Extension.swift */; };
		D5692754295B436F00123D80 /* MainPageTableViewCell.swift in Sources */ = {isa = PBXBuildFile; fileRef = D5692753295B436F00123D80 /* MainPageTableViewCell.swift */; };
		D5692757295B480C00123D80 /* EditPageViewController.swift in Sources */ = {isa = PBXBuildFile; fileRef = D5692756295B480C00123D80 /* EditPageViewController.swift */; };
/* End PBXBuildFile section */

/* Begin PBXFileReference section */
		D5692730295AF4DD00123D80 /* NoteApp.app */ = {isa = PBXFileReference; explicitFileType = wrapper.application; includeInIndex = 0; path = NoteApp.app; sourceTree = BUILT_PRODUCTS_DIR; };
		D5692733295AF4DD00123D80 /* AppDelegate.swift */ = {isa = PBXFileReference; lastKnownFileType = sourcecode.swift; path = AppDelegate.swift; sourceTree = "<group>"; };
		D5692735295AF4DD00123D80 /* SceneDelegate.swift */ = {isa = PBXFileReference; lastKnownFileType = sourcecode.swift; path = SceneDelegate.swift; sourceTree = "<group>"; };
		D5692737295AF4DD00123D80 /* MainPageTableViewController.swift */ = {isa = PBXFileReference; lastKnownFileType = sourcecode.swift; path = MainPageTableViewController.swift; sourceTree = "<group>"; };
		D569273A295AF4DD00123D80 /* Base */ = {isa = PBXFileReference; lastKnownFileType = file.storyboard; name = Base; path = Base.lproj/Main.storyboard; sourceTree = "<group>"; };
		D569273D295AF4DD00123D80 /* NoteApp.xcdatamodel */ = {isa = PBXFileReference; lastKnownFileType = wrapper.xcdatamodel; path = NoteApp.xcdatamodel; sourceTree = "<group>"; };
		D569273F295AF4DF00123D80 /* Assets.xcassets */ = {isa = PBXFileReference; lastKnownFileType = folder.assetcatalog; path = Assets.xcassets; sourceTree = "<group>"; };
		D5692742295AF4DF00123D80 /* Base */ = {isa = PBXFileReference; lastKnownFileType = file.storyboard; name = Base; path = Base.lproj/LaunchScreen.storyboard; sourceTree = "<group>"; };
		D5692744295AF4DF00123D80 /* Info.plist */ = {isa = PBXFileReference; lastKnownFileType = text.plist.xml; path = Info.plist; sourceTree = "<group>"; };
		D569274F295B3EAD00123D80 /* Note.swift */ = {isa = PBXFileReference; lastKnownFileType = sourcecode.swift; path = Note.swift; sourceTree = "<group>"; };
		D5692751295B400A00123D80 /* Date+Extension.swift */ = {isa = PBXFileReference; lastKnownFileType = sourcecode.swift; path = "Date+Extension.swift"; sourceTree = "<group>"; };
		D5692753295B436F00123D80 /* MainPageTableViewCell.swift */ = {isa = PBXFileReference; lastKnownFileType = sourcecode.swift; path = MainPageTableViewCell.swift; sourceTree = "<group>"; };
		D5692756295B480C00123D80 /* EditPageViewController.swift */ = {isa = PBXFileReference; lastKnownFileType = sourcecode.swift; path = EditPageViewController.swift; sourceTree = "<group>"; };
/* End PBXFileReference section */

/* Begin PBXFrameworksBuildPhase section */
		D569272D295AF4DD00123D80 /* Frameworks */ = {
			isa = PBXFrameworksBuildPhase;
			buildActionMask = 2147483647;
			files = (
			);
			runOnlyForDeploymentPostprocessing = 0;
		};
/* End PBXFrameworksBuildPhase section */

/* Begin PBXGroup section */
		D5692727295AF4DD00123D80 = {
			isa = PBXGroup;
			children = (
				D5692732295AF4DD00123D80 /* NoteApp */,
				D5692731295AF4DD00123D80 /* Products */,
			);
			sourceTree = "<group>";
		};
		D5692731295AF4DD00123D80 /* Products */ = {
			isa = PBXGroup;
			children = (
				D5692730295AF4DD00123D80 /* NoteApp.app */,
			);
			name = Products;
			sourceTree = "<group>";
		};
		D5692732295AF4DD00123D80 /* NoteApp */ = {
			isa = PBXGroup;
			children = (
				D5692733295AF4DD00123D80 /* AppDelegate.swift */,
				D5692735295AF4DD00123D80 /* SceneDelegate.swift */,
				D569274C295B3C4200123D80 /* Model */,
				D569274B295B3C3E00123D80 /* View */,
				D569274A295B3C3800123D80 /* Controller */,
				D569274E295B3E2E00123D80 /* Extension */,
				D569274D295B3C6300123D80 /* Resources */,
				D569273C295AF4DD00123D80 /* NoteApp.xcdatamodeld */,
			);
			path = NoteApp;
			sourceTree = "<group>";
		};
		D569274A295B3C3800123D80 /* Controller */ = {
			isa = PBXGroup;
			children = (
				D5692737295AF4DD00123D80 /* MainPageTableViewController.swift */,
				D5692755295B44B600123D80 /* MainPageCell */,
				D5692756295B480C00123D80 /* EditPageViewController.swift */,
			);
			path = Controller;
			sourceTree = "<group>";
		};
		D569274B295B3C3E00123D80 /* View */ = {
			isa = PBXGroup;
			children = (
			);
			path = View;
			sourceTree = "<group>";
		};
		D569274C295B3C4200123D80 /* Model */ = {
			isa = PBXGroup;
			children = (
				D569274F295B3EAD00123D80 /* Note.swift */,
			);
			path = Model;
			sourceTree = "<group>";
		};
		D569274D295B3C6300123D80 /* Resources */ = {
			isa = PBXGroup;
			children = (
				D5692739295AF4DD00123D80 /* Main.storyboard */,
				D569273F295AF4DF00123D80 /* Assets.xcassets */,
				D5692741295AF4DF00123D80 /* LaunchScreen.storyboard */,
				D5692744295AF4DF00123D80 /* Info.plist */,
			);
			path = Resources;
			sourceTree = "<group>";
		};
		D569274E295B3E2E00123D80 /* Extension */ = {
			isa = PBXGroup;
			children = (
				D5692751295B400A00123D80 /* Date+Extension.swift */,
			);
			path = Extension;
			sourceTree = "<group>";
		};
		D5692755295B44B600123D80 /* MainPageCell */ = {
			isa = PBXGroup;
			children = (
				D5692753295B436F00123D80 /* MainPageTableViewCell.swift */,
			);
			path = MainPageCell;
			sourceTree = "<group>";
		};
/* End PBXGroup section */

/* Begin PBXNativeTarget section */
		D569272F295AF4DD00123D80 /* NoteApp */ = {
			isa = PBXNativeTarget;
			buildConfigurationList = D5692747295AF4DF00123D80 /* Build configuration list for PBXNativeTarget "NoteApp" */;
			buildPhases = (
				D569272C295AF4DD00123D80 /* Sources */,
				D569272D295AF4DD00123D80 /* Frameworks */,
				D569272E295AF4DD00123D80 /* Resources */,
			);
			buildRules = (
			);
			dependencies = (
			);
			name = NoteApp;
			productName = NoteApp;
			productReference = D5692730295AF4DD00123D80 /* NoteApp.app */;
			productType = "com.apple.product-type.application";
		};
/* End PBXNativeTarget section */

/* Begin PBXProject section */
		D5692728295AF4DD00123D80 /* Project object */ = {
			isa = PBXProject;
			attributes = {
				BuildIndependentTargetsInParallel = 1;
				LastSwiftUpdateCheck = 1420;
				LastUpgradeCheck = 1420;
				TargetAttributes = {
					D569272F295AF4DD00123D80 = {
						CreatedOnToolsVersion = 14.2;
					};
				};
			};
			buildConfigurationList = D569272B295AF4DD00123D80 /* Build configuration list for PBXProject "NoteApp" */;
			compatibilityVersion = "Xcode 14.0";
			developmentRegion = en;
			hasScannedForEncodings = 0;
			knownRegions = (
				en,
				Base,
			);
			mainGroup = D5692727295AF4DD00123D80;
			productRefGroup = D5692731295AF4DD00123D80 /* Products */;
			projectDirPath = "";
			projectRoot = "";
			targets = (
				D569272F295AF4DD00123D80 /* NoteApp */,
			);
		};
/* End PBXProject section */

/* Begin PBXResourcesBuildPhase section */
		D569272E295AF4DD00123D80 /* Resources */ = {
			isa = PBXResourcesBuildPhase;
			buildActionMask = 2147483647;
			files = (
				D5692743295AF4DF00123D80 /* LaunchScreen.storyboard in Resources */,
				D5692740295AF4DF00123D80 /* Assets.xcassets in Resources */,
				D569273B295AF4DD00123D80 /* Main.storyboard in Resources */,
			);
			runOnlyForDeploymentPostprocessing = 0;
		};
/* End PBXResourcesBuildPhase section */

/* Begin PBXSourcesBuildPhase section */
		D569272C295AF4DD00123D80 /* Sources */ = {
			isa = PBXSourcesBuildPhase;
			buildActionMask = 2147483647;
			files = (
				D5692750295B3EAD00123D80 /* Note.swift in Sources */,
				D5692757295B480C00123D80 /* EditPageViewController.swift in Sources */,
				D5692738295AF4DD00123D80 /* MainPageTableViewController.swift in Sources */,
				D5692734295AF4DD00123D80 /* AppDelegate.swift in Sources */,
				D5692736295AF4DD00123D80 /* SceneDelegate.swift in Sources */,
				D569273E295AF4DD00123D80 /* NoteApp.xcdatamodeld in Sources */,
				D5692754295B436F00123D80 /* MainPageTableViewCell.swift in Sources */,
				D5692752295B400A00123D80 /* Date+Extension.swift in Sources */,
			);
			runOnlyForDeploymentPostprocessing = 0;
		};
/* End PBXSourcesBuildPhase section */

/* Begin PBXVariantGroup section */
		D5692739295AF4DD00123D80 /* Main.storyboard */ = {
			isa = PBXVariantGroup;
			children = (
				D569273A295AF4DD00123D80 /* Base */,
			);
			name = Main.storyboard;
			sourceTree = "<group>";
		};
		D5692741295AF4DF00123D80 /* LaunchScreen.storyboard */ = {
			isa = PBXVariantGroup;
			children = (
				D5692742295AF4DF00123D80 /* Base */,
			);
			name = LaunchScreen.storyboard;
			sourceTree = "<group>";
		};
/* End PBXVariantGroup section */

/* Begin XCBuildConfiguration section */
		D5692745295AF4DF00123D80 /* Debug */ = {
			isa = XCBuildConfiguration;
			buildSettings = {
				ALWAYS_SEARCH_USER_PATHS = NO;
				CLANG_ANALYZER_NONNULL = YES;
				CLANG_ANALYZER_NUMBER_OBJECT_CONVERSION = YES_AGGRESSIVE;
				CLANG_CXX_LANGUAGE_STANDARD = "gnu++20";
				CLANG_ENABLE_MODULES = YES;
				CLANG_ENABLE_OBJC_ARC = YES;
				CLANG_ENABLE_OBJC_WEAK = YES;
				CLANG_WARN_BLOCK_CAPTURE_AUTORELEASING = YES;
				CLANG_WARN_BOOL_CONVERSION = YES;
				CLANG_WARN_COMMA = YES;
				CLANG_WARN_CONSTANT_CONVERSION = YES;
				CLANG_WARN_DEPRECATED_OBJC_IMPLEMENTATIONS = YES;
				CLANG_WARN_DIRECT_OBJC_ISA_USAGE = YES_ERROR;
				CLANG_WARN_DOCUMENTATION_COMMENTS = YES;
				CLANG_WARN_EMPTY_BODY = YES;
				CLANG_WARN_ENUM_CONVERSION = YES;
				CLANG_WARN_INFINITE_RECURSION = YES;
				CLANG_WARN_INT_CONVERSION = YES;
				CLANG_WARN_NON_LITERAL_NULL_CONVERSION = YES;
				CLANG_WARN_OBJC_IMPLICIT_RETAIN_SELF = YES;
				CLANG_WARN_OBJC_LITERAL_CONVERSION = YES;
				CLANG_WARN_OBJC_ROOT_CLASS = YES_ERROR;
				CLANG_WARN_QUOTED_INCLUDE_IN_FRAMEWORK_HEADER = YES;
				CLANG_WARN_RANGE_LOOP_ANALYSIS = YES;
				CLANG_WARN_STRICT_PROTOTYPES = YES;
				CLANG_WARN_SUSPICIOUS_MOVE = YES;
				CLANG_WARN_UNGUARDED_AVAILABILITY = YES_AGGRESSIVE;
				CLANG_WARN_UNREACHABLE_CODE = YES;
				CLANG_WARN__DUPLICATE_METHOD_MATCH = YES;
				COPY_PHASE_STRIP = NO;
				DEBUG_INFORMATION_FORMAT = dwarf;
				ENABLE_STRICT_OBJC_MSGSEND = YES;
				ENABLE_TESTABILITY = YES;
				GCC_C_LANGUAGE_STANDARD = gnu11;
				GCC_DYNAMIC_NO_PIC = NO;
				GCC_NO_COMMON_BLOCKS = YES;
				GCC_OPTIMIZATION_LEVEL = 0;
				GCC_PREPROCESSOR_DEFINITIONS = (
					"DEBUG=1",
					"$(inherited)",
				);
				GCC_WARN_64_TO_32_BIT_CONVERSION = YES;
				GCC_WARN_ABOUT_RETURN_TYPE = YES_ERROR;
				GCC_WARN_UNDECLARED_SELECTOR = YES;
				GCC_WARN_UNINITIALIZED_AUTOS = YES_AGGRESSIVE;
				GCC_WARN_UNUSED_FUNCTION = YES;
				GCC_WARN_UNUSED_VARIABLE = YES;
				IPHONEOS_DEPLOYMENT_TARGET = 16.2;
				MTL_ENABLE_DEBUG_INFO = INCLUDE_SOURCE;
				MTL_FAST_MATH = YES;
				ONLY_ACTIVE_ARCH = YES;
				SDKROOT = iphoneos;
				SWIFT_ACTIVE_COMPILATION_CONDITIONS = DEBUG;
				SWIFT_OPTIMIZATION_LEVEL = "-Onone";
			};
			name = Debug;
		};
		D5692746295AF4DF00123D80 /* Release */ = {
			isa = XCBuildConfiguration;
			buildSettings = {
				ALWAYS_SEARCH_USER_PATHS = NO;
				CLANG_ANALYZER_NONNULL = YES;
				CLANG_ANALYZER_NUMBER_OBJECT_CONVERSION = YES_AGGRESSIVE;
				CLANG_CXX_LANGUAGE_STANDARD = "gnu++20";
				CLANG_ENABLE_MODULES = YES;
				CLANG_ENABLE_OBJC_ARC = YES;
				CLANG_ENABLE_OBJC_WEAK = YES;
				CLANG_WARN_BLOCK_CAPTURE_AUTORELEASING = YES;
				CLANG_WARN_BOOL_CONVERSION = YES;
				CLANG_WARN_COMMA = YES;
				CLANG_WARN_CONSTANT_CONVERSION = YES;
				CLANG_WARN_DEPRECATED_OBJC_IMPLEMENTATIONS = YES;
				CLANG_WARN_DIRECT_OBJC_ISA_USAGE = YES_ERROR;
				CLANG_WARN_DOCUMENTATION_COMMENTS = YES;
				CLANG_WARN_EMPTY_BODY = YES;
				CLANG_WARN_ENUM_CONVERSION = YES;
				CLANG_WARN_INFINITE_RECURSION = YES;
				CLANG_WARN_INT_CONVERSION = YES;
				CLANG_WARN_NON_LITERAL_NULL_CONVERSION = YES;
				CLANG_WARN_OBJC_IMPLICIT_RETAIN_SELF = YES;
				CLANG_WARN_OBJC_LITERAL_CONVERSION = YES;
				CLANG_WARN_OBJC_ROOT_CLASS = YES_ERROR;
				CLANG_WARN_QUOTED_INCLUDE_IN_FRAMEWORK_HEADER = YES;
				CLANG_WARN_RANGE_LOOP_ANALYSIS = YES;
				CLANG_WARN_STRICT_PROTOTYPES = YES;
				CLANG_WARN_SUSPICIOUS_MOVE = YES;
				CLANG_WARN_UNGUARDED_AVAILABILITY = YES_AGGRESSIVE;
				CLANG_WARN_UNREACHABLE_CODE = YES;
				CLANG_WARN__DUPLICATE_METHOD_MATCH = YES;
				COPY_PHASE_STRIP = NO;
				DEBUG_INFORMATION_FORMAT = "dwarf-with-dsym";
				ENABLE_NS_ASSERTIONS = NO;
				ENABLE_STRICT_OBJC_MSGSEND = YES;
				GCC_C_LANGUAGE_STANDARD = gnu11;
				GCC_NO_COMMON_BLOCKS = YES;
				GCC_WARN_64_TO_32_BIT_CONVERSION = YES;
				GCC_WARN_ABOUT_RETURN_TYPE = YES_ERROR;
				GCC_WARN_UNDECLARED_SELECTOR = YES;
				GCC_WARN_UNINITIALIZED_AUTOS = YES_AGGRESSIVE;
				GCC_WARN_UNUSED_FUNCTION = YES;
				GCC_WARN_UNUSED_VARIABLE = YES;
				IPHONEOS_DEPLOYMENT_TARGET = 16.2;
				MTL_ENABLE_DEBUG_INFO = NO;
				MTL_FAST_MATH = YES;
				SDKROOT = iphoneos;
				SWIFT_COMPILATION_MODE = wholemodule;
				SWIFT_OPTIMIZATION_LEVEL = "-O";
				VALIDATE_PRODUCT = YES;
			};
			name = Release;
		};
		D5692748295AF4DF00123D80 /* Debug */ = {
			isa = XCBuildConfiguration;
			buildSettings = {
				ASSETCATALOG_COMPILER_APPICON_NAME = AppIcon;
				ASSETCATALOG_COMPILER_GLOBAL_ACCENT_COLOR_NAME = AccentColor;
				CODE_SIGN_STYLE = Automatic;
				CURRENT_PROJECT_VERSION = 1;
				DEVELOPMENT_TEAM = VT76HWWZKL;
				GENERATE_INFOPLIST_FILE = YES;
				INFOPLIST_FILE = NoteApp/Resources/Info.plist;
				INFOPLIST_KEY_CFBundleDisplayName = Note;
				INFOPLIST_KEY_LSApplicationCategoryType = "public.app-category.utilities";
				INFOPLIST_KEY_UIApplicationSupportsIndirectInputEvents = YES;
				INFOPLIST_KEY_UILaunchStoryboardName = LaunchScreen;
				INFOPLIST_KEY_UIMainStoryboardFile = Main;
				INFOPLIST_KEY_UISupportedInterfaceOrientations_iPad = "UIInterfaceOrientationPortrait UIInterfaceOrientationPortraitUpsideDown UIInterfaceOrientationLandscapeLeft UIInterfaceOrientationLandscapeRight";
				INFOPLIST_KEY_UISupportedInterfaceOrientations_iPhone = "UIInterfaceOrientationPortrait UIInterfaceOrientationLandscapeLeft UIInterfaceOrientationLandscapeRight";
				LD_RUNPATH_SEARCH_PATHS = (
					"$(inherited)",
					"@executable_path/Frameworks",
				);
				MARKETING_VERSION = 1.0;
				PRODUCT_BUNDLE_IDENTIFIER = Galywood.NoteApp;
				PRODUCT_NAME = "$(TARGET_NAME)";
				SWIFT_EMIT_LOC_STRINGS = YES;
				SWIFT_VERSION = 5.0;
				TARGETED_DEVICE_FAMILY = "1,2";
			};
			name = Debug;
		};
		D5692749295AF4DF00123D80 /* Release */ = {
			isa = XCBuildConfiguration;
			buildSettings = {
				ASSETCATALOG_COMPILER_APPICON_NAME = AppIcon;
				ASSETCATALOG_COMPILER_GLOBAL_ACCENT_COLOR_NAME = AccentColor;
				CODE_SIGN_STYLE = Automatic;
				CURRENT_PROJECT_VERSION = 1;
				DEVELOPMENT_TEAM = VT76HWWZKL;
				GENERATE_INFOPLIST_FILE = YES;
				INFOPLIST_FILE = NoteApp/Resources/Info.plist;
				INFOPLIST_KEY_CFBundleDisplayName = Note;
				INFOPLIST_KEY_LSApplicationCategoryType = "public.app-category.utilities";
				INFOPLIST_KEY_UIApplicationSupportsIndirectInputEvents = YES;
				INFOPLIST_KEY_UILaunchStoryboardName = LaunchScreen;
				INFOPLIST_KEY_UIMainStoryboardFile = Main;
				INFOPLIST_KEY_UISupportedInterfaceOrientations_iPad = "UIInterfaceOrientationPortrait UIInterfaceOrientationPortraitUpsideDown UIInterfaceOrientationLandscapeLeft UIInterfaceOrientationLandscapeRight";
				INFOPLIST_KEY_UISupportedInterfaceOrientations_iPhone = "UIInterfaceOrientationPortrait UIInterfaceOrientationLandscapeLeft UIInterfaceOrientationLandscapeRight";
				LD_RUNPATH_SEARCH_PATHS = (
					"$(inherited)",
					"@executable_path/Frameworks",
				);
				MARKETING_VERSION = 1.0;
				PRODUCT_BUNDLE_IDENTIFIER = Galywood.NoteApp;
				PRODUCT_NAME = "$(TARGET_NAME)";
				SWIFT_EMIT_LOC_STRINGS = YES;
				SWIFT_VERSION = 5.0;
				TARGETED_DEVICE_FAMILY = "1,2";
			};
			name = Release;
		};
/* End XCBuildConfiguration section */

/* Begin XCConfigurationList section */
		D569272B295AF4DD00123D80 /* Build configuration list for PBXProject "NoteApp" */ = {
			isa = XCConfigurationList;
			buildConfigurations = (
				D5692745295AF4DF00123D80 /* Debug */,
				D5692746295AF4DF00123D80 /* Release */,
			);
			defaultConfigurationIsVisible = 0;
			defaultConfigurationName = Release;
		};
		D5692747295AF4DF00123D80 /* Build configuration list for PBXNativeTarget "NoteApp" */ = {
			isa = XCConfigurationList;
			buildConfigurations = (
				D5692748295AF4DF00123D80 /* Debug */,
				D5692749295AF4DF00123D80 /* Release */,
			);
			defaultConfigurationIsVisible = 0;
			defaultConfigurationName = Release;
		};
/* End XCConfigurationList section */

/* Begin XCVersionGroup section */
		D569273C295AF4DD00123D80 /* NoteApp.xcdatamodeld */ = {
			isa = XCVersionGroup;
			children = (
				D569273D295AF4DD00123D80 /* NoteApp.xcdatamodel */,
			);
			currentVersion = D569273D295AF4DD00123D80 /* NoteApp.xcdatamodel */;
			path = NoteApp.xcdatamodeld;
			sourceTree = "<group>";
			versionGroupType = wrapper.xcdatamodel;
		};
/* End XCVersionGroup section */
	};
	rootObject = D5692728295AF4DD00123D80 /* Project object */;
}
